
Microsoft Visual Studio Solution File, Format Version 12.00
# Visual Studio Version 16
VisualStudioVersion = 16.0.30114.105
MinimumVisualStudioVersion = 10.0.40219.1
Project("{2150E333-8FDC-42A3-9474-1A3956D46DE8}") = "src", "src", "{D1947316-2E76-44D8-82F3-DC457B5CE079}"
EndProject
Project("{FAE04EC0-301F-11D3-BF4B-00C04F79EFBC}") = "ProtoClusterDemo.Web", "src\ProtoClusterDemo.Web\ProtoClusterDemo.Web.csproj", "{D0EA7044-1CDD-4700-AE8F-B93E9D6F9A17}"
EndProject
Project("{FAE04EC0-301F-11D3-BF4B-00C04F79EFBC}") = "ProtoClusterDemo.Service", "src\ProtoClusterDemo.Service\ProtoClusterDemo.Service.csproj", "{F57646B3-ACA5-4104-B058-E7504F84AB64}"
EndProject
Global
	GlobalSection(SolutionConfigurationPlatforms) = preSolution
		Debug|Any CPU = Debug|Any CPU
		Debug|x64 = Debug|x64
		Debug|x86 = Debug|x86
		Release|Any CPU = Release|Any CPU
		Release|x64 = Release|x64
		Release|x86 = Release|x86
	EndGlobalSection
	GlobalSection(SolutionProperties) = preSolution
		HideSolutionNode = FALSE
	EndGlobalSection
	GlobalSection(ProjectConfigurationPlatforms) = postSolution
		{D0EA7044-1CDD-4700-AE8F-B93E9D6F9A17}.Debug|Any CPU.ActiveCfg = Debug|Any CPU
		{D0EA7044-1CDD-4700-AE8F-B93E9D6F9A17}.Debug|Any CPU.Build.0 = Debug|Any CPU
		{D0EA7044-1CDD-4700-AE8F-B93E9D6F9A17}.Debug|x64.ActiveCfg = Debug|Any CPU
		{D0EA7044-1CDD-4700-AE8F-B93E9D6F9A17}.Debug|x64.Build.0 = Debug|Any CPU
		{D0EA7044-1CDD-4700-AE8F-B93E9D6F9A17}.Debug|x86.ActiveCfg = Debug|Any CPU
		{D0EA7044-1CDD-4700-AE8F-B93E9D6F9A17}.Debug|x86.Build.0 = Debug|Any CPU
		{D0EA7044-1CDD-4700-AE8F-B93E9D6F9A17}.Release|Any CPU.ActiveCfg = Release|Any CPU
		{D0EA7044-1CDD-4700-AE8F-B93E9D6F9A17}.Release|Any CPU.Build.0 = Release|Any CPU
		{D0EA7044-1CDD-4700-AE8F-B93E9D6F9A17}.Release|x64.ActiveCfg = Release|Any CPU
		{D0EA7044-1CDD-4700-AE8F-B93E9D6F9A17}.Release|x64.Build.0 = Release|Any CPU
		{D0EA7044-1CDD-4700-AE8F-B93E9D6F9A17}.Release|x86.ActiveCfg = Release|Any CPU
		{D0EA7044-1CDD-4700-AE8F-B93E9D6F9A17}.Release|x86.Build.0 = Release|Any CPU
		{F57646B3-ACA5-4104-B058-E7504F84AB64}.Debug|Any CPU.ActiveCfg = Debug|Any CPU
		{F57646B3-ACA5-4104-B058-E7504F84AB64}.Debug|Any CPU.Build.0 = Debug|Any CPU
		{F57646B3-ACA5-4104-B058-E7504F84AB64}.Debug|x64.ActiveCfg = Debug|Any CPU
		{F57646B3-ACA5-4104-B058-E7504F84AB64}.Debug|x64.Build.0 = Debug|Any CPU
		{F57646B3-ACA5-4104-B058-E7504F84AB64}.Debug|x86.ActiveCfg = Debug|Any CPU
		{F57646B3-ACA5-4104-B058-E7504F84AB64}.Debug|x86.Build.0 = Debug|Any CPU
		{F57646B3-ACA5-4104-B058-E7504F84AB64}.Release|Any CPU.ActiveCfg = Release|Any CPU
		{F57646B3-ACA5-4104-B058-E7504F84AB64}.Release|Any CPU.Build.0 = Release|Any CPU
		{F57646B3-ACA5-4104-B058-E7504F84AB64}.Release|x64.ActiveCfg = Release|Any CPU
		{F57646B3-ACA5-4104-B058-E7504F84AB64}.Release|x64.Build.0 = Release|Any CPU
		{F57646B3-ACA5-4104-B058-E7504F84AB64}.Release|x86.ActiveCfg = Release|Any CPU
		{F57646B3-ACA5-4104-B058-E7504F84AB64}.Release|x86.Build.0 = Release|Any CPU
	EndGlobalSection
	GlobalSection(NestedProjects) = preSolution
		{D0EA7044-1CDD-4700-AE8F-B93E9D6F9A17} = {D1947316-2E76-44D8-82F3-DC457B5CE079}
		{F57646B3-ACA5-4104-B058-E7504F84AB64} = {D1947316-2E76-44D8-82F3-DC457B5CE079}
	EndGlobalSection
EndGlobal
